
Microsoft Visual Studio Solution File, Format Version 12.00
# Visual Studio Version 17
VisualStudioVersion = 17.11.35222.181
MinimumVisualStudioVersion = 10.0.40219.1
Project("{9A19103F-16F7-4668-BE54-9A1E7A4F7556}") = "TheatricalPlayersRefactoringKata.Tests", "TheatricalPlayersRefactoringKata.Tests\TheatricalPlayersRefactoringKata.Tests.csproj", "{2AFBF20D-3D97-46EC-B506-8B7C82598951}"
EndProject
Project("{9A19103F-16F7-4668-BE54-9A1E7A4F7556}") = "TheatricalPlayers.WebApi", "TheatricalPlayers.WebApi\TheatricalPlayers.WebApi.csproj", "{750AA4FA-AACC-42CB-A0C4-C39E2142BFB1}"
EndProject
Project("{9A19103F-16F7-4668-BE54-9A1E7A4F7556}") = "Application", "Application\Application.csproj", "{64B3F6AC-9E6F-4A33-8FE9-693A50698A58}"
EndProject
Project("{9A19103F-16F7-4668-BE54-9A1E7A4F7556}") = "Domain", "Domain\Domain.csproj", "{40B7B858-9B06-4150-9695-008A73E253A6}"
EndProject
Project("{9A19103F-16F7-4668-BE54-9A1E7A4F7556}") = "Infra", "Infra.Repository\Infra.csproj", "{03B877BF-C4E8-476A-B46B-EC4693E17409}"
EndProject
Global
	GlobalSection(SolutionConfigurationPlatforms) = preSolution
		Debug|Any CPU = Debug|Any CPU
		Release|Any CPU = Release|Any CPU
	EndGlobalSection
	GlobalSection(ProjectConfigurationPlatforms) = postSolution
		{2AFBF20D-3D97-46EC-B506-8B7C82598951}.Debug|Any CPU.ActiveCfg = Debug|Any CPU
		{2AFBF20D-3D97-46EC-B506-8B7C82598951}.Debug|Any CPU.Build.0 = Debug|Any CPU
		{2AFBF20D-3D97-46EC-B506-8B7C82598951}.Release|Any CPU.ActiveCfg = Release|Any CPU
		{2AFBF20D-3D97-46EC-B506-8B7C82598951}.Release|Any CPU.Build.0 = Release|Any CPU
		{750AA4FA-AACC-42CB-A0C4-C39E2142BFB1}.Debug|Any CPU.ActiveCfg = Debug|Any CPU
		{750AA4FA-AACC-42CB-A0C4-C39E2142BFB1}.Debug|Any CPU.Build.0 = Debug|Any CPU
		{750AA4FA-AACC-42CB-A0C4-C39E2142BFB1}.Release|Any CPU.ActiveCfg = Release|Any CPU
		{750AA4FA-AACC-42CB-A0C4-C39E2142BFB1}.Release|Any CPU.Build.0 = Release|Any CPU
		{64B3F6AC-9E6F-4A33-8FE9-693A50698A58}.Debug|Any CPU.ActiveCfg = Debug|Any CPU
		{64B3F6AC-9E6F-4A33-8FE9-693A50698A58}.Debug|Any CPU.Build.0 = Debug|Any CPU
		{64B3F6AC-9E6F-4A33-8FE9-693A50698A58}.Release|Any CPU.ActiveCfg = Release|Any CPU
		{64B3F6AC-9E6F-4A33-8FE9-693A50698A58}.Release|Any CPU.Build.0 = Release|Any CPU
		{40B7B858-9B06-4150-9695-008A73E253A6}.Debug|Any CPU.ActiveCfg = Debug|Any CPU
		{40B7B858-9B06-4150-9695-008A73E253A6}.Debug|Any CPU.Build.0 = Debug|Any CPU
		{40B7B858-9B06-4150-9695-008A73E253A6}.Release|Any CPU.ActiveCfg = Release|Any CPU
		{40B7B858-9B06-4150-9695-008A73E253A6}.Release|Any CPU.Build.0 = Release|Any CPU
		{03B877BF-C4E8-476A-B46B-EC4693E17409}.Debug|Any CPU.ActiveCfg = Debug|Any CPU
		{03B877BF-C4E8-476A-B46B-EC4693E17409}.Debug|Any CPU.Build.0 = Debug|Any CPU
		{03B877BF-C4E8-476A-B46B-EC4693E17409}.Release|Any CPU.ActiveCfg = Release|Any CPU
		{03B877BF-C4E8-476A-B46B-EC4693E17409}.Release|Any CPU.Build.0 = Release|Any CPU
	EndGlobalSection
	GlobalSection(SolutionProperties) = preSolution
		HideSolutionNode = FALSE
	EndGlobalSection
	GlobalSection(ExtensibilityGlobals) = postSolution
		SolutionGuid = {0C929090-F59C-43F0-82D0-EA6DA8F7EE53}
	EndGlobalSection
EndGlobal
