
Microsoft Visual Studio Solution File, Format Version 12.00
# Visual Studio Version 17
VisualStudioVersion = 17.11.35222.181
MinimumVisualStudioVersion = 10.0.40219.1
Project("{9A19103F-16F7-4668-BE54-9A1E7A4F7556}") = "TheatricalPlayersRefactoringKata.Tests", "TheatricalPlayersRefactoringKata.Tests\TheatricalPlayersRefactoringKata.Tests.csproj", "{2AFBF20D-3D97-46EC-B506-8B7C82598951}"
EndProject
Project("{2150E333-8FDC-42A3-9474-1A3956D46DE8}") = "src", "src", "{20E50135-44E2-4277-BE6B-A6442365BF49}"
EndProject
Project("{2150E333-8FDC-42A3-9474-1A3956D46DE8}") = "test", "test", "{2815C1CD-9970-465F-A366-69D04BDD0E30}"
EndProject
Project("{9A19103F-16F7-4668-BE54-9A1E7A4F7556}") = "Domain", "Domain\Domain.csproj", "{08439F16-FDB8-4623-B20A-9C1D4A1DADE1}"
EndProject
Project("{9A19103F-16F7-4668-BE54-9A1E7A4F7556}") = "Application", "Application\Application.csproj", "{127B56A5-46FC-412A-BAF2-32043111C5DD}"
EndProject
Project("{9A19103F-16F7-4668-BE54-9A1E7A4F7556}") = "Infrastructure", "Infrastructure\Infrastructure.csproj", "{E22B9F9F-B273-4086-8D30-C2C6E8B1FB51}"
EndProject
Project("{9A19103F-16F7-4668-BE54-9A1E7A4F7556}") = "Web.Api", "Web.Api\Web.Api.csproj", "{E0937D5B-E5E9-4EF3-9DE9-EF460A9F334B}"
EndProject
Project("{FAE04EC0-301F-11D3-BF4B-00C04F79EFBC}") = "Application.UnitTests", "Application.UnitTests\Application.UnitTests.csproj", "{57CF1C4B-58B1-4F48-849E-1B361E981BBA}"
EndProject
Project("{FAE04EC0-301F-11D3-BF4B-00C04F79EFBC}") = "Domain.UnitTests", "Domain.UnitTests\Domain.UnitTests.csproj", "{9F67EB03-630D-4DC6-865B-076958E7DBE1}"
EndProject
Global
	GlobalSection(SolutionConfigurationPlatforms) = preSolution
		Debug|Any CPU = Debug|Any CPU
		Release|Any CPU = Release|Any CPU
	EndGlobalSection
	GlobalSection(ProjectConfigurationPlatforms) = postSolution
		{2AFBF20D-3D97-46EC-B506-8B7C82598951}.Debug|Any CPU.ActiveCfg = Debug|Any CPU
		{2AFBF20D-3D97-46EC-B506-8B7C82598951}.Debug|Any CPU.Build.0 = Debug|Any CPU
		{2AFBF20D-3D97-46EC-B506-8B7C82598951}.Release|Any CPU.ActiveCfg = Release|Any CPU
		{2AFBF20D-3D97-46EC-B506-8B7C82598951}.Release|Any CPU.Build.0 = Release|Any CPU
		{08439F16-FDB8-4623-B20A-9C1D4A1DADE1}.Debug|Any CPU.ActiveCfg = Debug|Any CPU
		{08439F16-FDB8-4623-B20A-9C1D4A1DADE1}.Debug|Any CPU.Build.0 = Debug|Any CPU
		{08439F16-FDB8-4623-B20A-9C1D4A1DADE1}.Release|Any CPU.ActiveCfg = Release|Any CPU
		{08439F16-FDB8-4623-B20A-9C1D4A1DADE1}.Release|Any CPU.Build.0 = Release|Any CPU
		{127B56A5-46FC-412A-BAF2-32043111C5DD}.Debug|Any CPU.ActiveCfg = Debug|Any CPU
		{127B56A5-46FC-412A-BAF2-32043111C5DD}.Debug|Any CPU.Build.0 = Debug|Any CPU
		{127B56A5-46FC-412A-BAF2-32043111C5DD}.Release|Any CPU.ActiveCfg = Release|Any CPU
		{127B56A5-46FC-412A-BAF2-32043111C5DD}.Release|Any CPU.Build.0 = Release|Any CPU
		{E22B9F9F-B273-4086-8D30-C2C6E8B1FB51}.Debug|Any CPU.ActiveCfg = Debug|Any CPU
		{E22B9F9F-B273-4086-8D30-C2C6E8B1FB51}.Debug|Any CPU.Build.0 = Debug|Any CPU
		{E22B9F9F-B273-4086-8D30-C2C6E8B1FB51}.Release|Any CPU.ActiveCfg = Release|Any CPU
		{E22B9F9F-B273-4086-8D30-C2C6E8B1FB51}.Release|Any CPU.Build.0 = Release|Any CPU
		{E0937D5B-E5E9-4EF3-9DE9-EF460A9F334B}.Debug|Any CPU.ActiveCfg = Debug|Any CPU
		{E0937D5B-E5E9-4EF3-9DE9-EF460A9F334B}.Debug|Any CPU.Build.0 = Debug|Any CPU
		{E0937D5B-E5E9-4EF3-9DE9-EF460A9F334B}.Release|Any CPU.ActiveCfg = Release|Any CPU
		{E0937D5B-E5E9-4EF3-9DE9-EF460A9F334B}.Release|Any CPU.Build.0 = Release|Any CPU
		{57CF1C4B-58B1-4F48-849E-1B361E981BBA}.Debug|Any CPU.ActiveCfg = Debug|Any CPU
		{57CF1C4B-58B1-4F48-849E-1B361E981BBA}.Debug|Any CPU.Build.0 = Debug|Any CPU
		{57CF1C4B-58B1-4F48-849E-1B361E981BBA}.Release|Any CPU.ActiveCfg = Release|Any CPU
		{57CF1C4B-58B1-4F48-849E-1B361E981BBA}.Release|Any CPU.Build.0 = Release|Any CPU
		{9F67EB03-630D-4DC6-865B-076958E7DBE1}.Debug|Any CPU.ActiveCfg = Debug|Any CPU
		{9F67EB03-630D-4DC6-865B-076958E7DBE1}.Debug|Any CPU.Build.0 = Debug|Any CPU
		{9F67EB03-630D-4DC6-865B-076958E7DBE1}.Release|Any CPU.ActiveCfg = Release|Any CPU
		{9F67EB03-630D-4DC6-865B-076958E7DBE1}.Release|Any CPU.Build.0 = Release|Any CPU
	EndGlobalSection
	GlobalSection(SolutionProperties) = preSolution
		HideSolutionNode = FALSE
	EndGlobalSection
	GlobalSection(NestedProjects) = preSolution
		{2AFBF20D-3D97-46EC-B506-8B7C82598951} = {2815C1CD-9970-465F-A366-69D04BDD0E30}
		{08439F16-FDB8-4623-B20A-9C1D4A1DADE1} = {20E50135-44E2-4277-BE6B-A6442365BF49}
		{127B56A5-46FC-412A-BAF2-32043111C5DD} = {20E50135-44E2-4277-BE6B-A6442365BF49}
		{E22B9F9F-B273-4086-8D30-C2C6E8B1FB51} = {20E50135-44E2-4277-BE6B-A6442365BF49}
		{E0937D5B-E5E9-4EF3-9DE9-EF460A9F334B} = {20E50135-44E2-4277-BE6B-A6442365BF49}
		{57CF1C4B-58B1-4F48-849E-1B361E981BBA} = {2815C1CD-9970-465F-A366-69D04BDD0E30}
		{9F67EB03-630D-4DC6-865B-076958E7DBE1} = {2815C1CD-9970-465F-A366-69D04BDD0E30}
	EndGlobalSection
	GlobalSection(ExtensibilityGlobals) = postSolution
		SolutionGuid = {98F57502-01B3-4CD8-99EA-36090A511E9B}
	EndGlobalSection
EndGlobal
