
Microsoft Visual Studio Solution File, Format Version 12.00
# Visual Studio Version 17
VisualStudioVersion = 17.9.34714.143
MinimumVisualStudioVersion = 10.0.40219.1
Project("{9A19103F-16F7-4668-BE54-9A1E7A4F7556}") = "TheatricalPlayersRefactoringKata.Tests", "TheatricalPlayersRefactoringKata.Tests\TheatricalPlayersRefactoringKata.Tests.csproj", "{2AFBF20D-3D97-46EC-B506-8B7C82598951}"
EndProject
Project("{9A19103F-16F7-4668-BE54-9A1E7A4F7556}") = "Main.Api", "Main.Api\Main.Api.csproj", "{7C4D96CE-1201-4604-AAC2-53DCDD1628D2}"
EndProject
Project("{9A19103F-16F7-4668-BE54-9A1E7A4F7556}") = "Main.Application", "Main.Application\Main.Application.csproj", "{9AF2F23F-D502-4B6A-AD42-B69C2D7D64FB}"
EndProject
Project("{9A19103F-16F7-4668-BE54-9A1E7A4F7556}") = "Main.Contracts", "Main.Contracts\Main.Contracts.csproj", "{CD5091E0-BE77-423A-B211-28EED90FF860}"
EndProject
Project("{9A19103F-16F7-4668-BE54-9A1E7A4F7556}") = "Main.Domain", "Main.Domain\Main.Domain.csproj", "{4C2F335A-7853-4945-BB67-6B81D00C4F8C}"
EndProject
Project("{9A19103F-16F7-4668-BE54-9A1E7A4F7556}") = "Main.Infrastructure", "Main.Infrastructure\Main.Infrastructure.csproj", "{743FD8C0-FD60-42ED-AA02-2AFBFF05A878}"
EndProject
Global
	GlobalSection(SolutionConfigurationPlatforms) = preSolution
		Debug|Any CPU = Debug|Any CPU
		Release|Any CPU = Release|Any CPU
	EndGlobalSection
	GlobalSection(ProjectConfigurationPlatforms) = postSolution
		{2AFBF20D-3D97-46EC-B506-8B7C82598951}.Debug|Any CPU.ActiveCfg = Debug|Any CPU
		{2AFBF20D-3D97-46EC-B506-8B7C82598951}.Debug|Any CPU.Build.0 = Debug|Any CPU
		{2AFBF20D-3D97-46EC-B506-8B7C82598951}.Release|Any CPU.ActiveCfg = Release|Any CPU
		{2AFBF20D-3D97-46EC-B506-8B7C82598951}.Release|Any CPU.Build.0 = Release|Any CPU
		{7C4D96CE-1201-4604-AAC2-53DCDD1628D2}.Debug|Any CPU.ActiveCfg = Debug|Any CPU
		{7C4D96CE-1201-4604-AAC2-53DCDD1628D2}.Debug|Any CPU.Build.0 = Debug|Any CPU
		{7C4D96CE-1201-4604-AAC2-53DCDD1628D2}.Release|Any CPU.ActiveCfg = Release|Any CPU
		{7C4D96CE-1201-4604-AAC2-53DCDD1628D2}.Release|Any CPU.Build.0 = Release|Any CPU
		{9AF2F23F-D502-4B6A-AD42-B69C2D7D64FB}.Debug|Any CPU.ActiveCfg = Debug|Any CPU
		{9AF2F23F-D502-4B6A-AD42-B69C2D7D64FB}.Debug|Any CPU.Build.0 = Debug|Any CPU
		{9AF2F23F-D502-4B6A-AD42-B69C2D7D64FB}.Release|Any CPU.ActiveCfg = Release|Any CPU
		{9AF2F23F-D502-4B6A-AD42-B69C2D7D64FB}.Release|Any CPU.Build.0 = Release|Any CPU
		{CD5091E0-BE77-423A-B211-28EED90FF860}.Debug|Any CPU.ActiveCfg = Debug|Any CPU
		{CD5091E0-BE77-423A-B211-28EED90FF860}.Debug|Any CPU.Build.0 = Debug|Any CPU
		{CD5091E0-BE77-423A-B211-28EED90FF860}.Release|Any CPU.ActiveCfg = Release|Any CPU
		{CD5091E0-BE77-423A-B211-28EED90FF860}.Release|Any CPU.Build.0 = Release|Any CPU
		{4C2F335A-7853-4945-BB67-6B81D00C4F8C}.Debug|Any CPU.ActiveCfg = Debug|Any CPU
		{4C2F335A-7853-4945-BB67-6B81D00C4F8C}.Debug|Any CPU.Build.0 = Debug|Any CPU
		{4C2F335A-7853-4945-BB67-6B81D00C4F8C}.Release|Any CPU.ActiveCfg = Release|Any CPU
		{4C2F335A-7853-4945-BB67-6B81D00C4F8C}.Release|Any CPU.Build.0 = Release|Any CPU
		{743FD8C0-FD60-42ED-AA02-2AFBFF05A878}.Debug|Any CPU.ActiveCfg = Debug|Any CPU
		{743FD8C0-FD60-42ED-AA02-2AFBFF05A878}.Debug|Any CPU.Build.0 = Debug|Any CPU
		{743FD8C0-FD60-42ED-AA02-2AFBFF05A878}.Release|Any CPU.ActiveCfg = Release|Any CPU
		{743FD8C0-FD60-42ED-AA02-2AFBFF05A878}.Release|Any CPU.Build.0 = Release|Any CPU
	EndGlobalSection
	GlobalSection(SolutionProperties) = preSolution
		HideSolutionNode = FALSE
	EndGlobalSection
EndGlobal
