
Microsoft Visual Studio Solution File, Format Version 12.00
# Visual Studio Version 17
VisualStudioVersion = 17.0.31903.59
MinimumVisualStudioVersion = 10.0.40219.1
Project("{2150E333-8FDC-42A3-9474-1A3956D46DE8}") = "Application", "Application", "{043A808E-BF4D-44CD-99F7-9FC54BC07671}"
EndProject
Project("{FAE04EC0-301F-11D3-BF4B-00C04F79EFBC}") = "TS.Application", "Application\TS.Application\TS.Application.csproj", "{0C9511A5-96D4-4FDD-892A-957E786C6592}"
EndProject
Project("{2150E333-8FDC-42A3-9474-1A3956D46DE8}") = "Domain", "Domain", "{0E7A135E-A08D-4201-A6A2-1F8AA255FC45}"
EndProject
Project("{FAE04EC0-301F-11D3-BF4B-00C04F79EFBC}") = "TS.Domain", "Domain\TS.Domain\TS.Domain.csproj", "{7B4D6591-1AF4-49BC-A177-1D5E763D6A16}"
EndProject
Project("{2150E333-8FDC-42A3-9474-1A3956D46DE8}") = "Presentation", "Presentation", "{44D244F7-1185-4A9C-9246-641153F9CFEA}"
EndProject
Project("{FAE04EC0-301F-11D3-BF4B-00C04F79EFBC}") = "TS.Presentation", "Presentation\TS.Presentation\TS.Presentation.csproj", "{513ECA43-38DA-45A1-AAD2-5EAF3788A2ED}"
EndProject
Global
	GlobalSection(SolutionConfigurationPlatforms) = preSolution
		Debug|Any CPU = Debug|Any CPU
		Release|Any CPU = Release|Any CPU
	EndGlobalSection
	GlobalSection(SolutionProperties) = preSolution
		HideSolutionNode = FALSE
	EndGlobalSection
	GlobalSection(ProjectConfigurationPlatforms) = postSolution
		{0C9511A5-96D4-4FDD-892A-957E786C6592}.Debug|Any CPU.ActiveCfg = Debug|Any CPU
		{0C9511A5-96D4-4FDD-892A-957E786C6592}.Debug|Any CPU.Build.0 = Debug|Any CPU
		{0C9511A5-96D4-4FDD-892A-957E786C6592}.Release|Any CPU.ActiveCfg = Release|Any CPU
		{0C9511A5-96D4-4FDD-892A-957E786C6592}.Release|Any CPU.Build.0 = Release|Any CPU
		{7B4D6591-1AF4-49BC-A177-1D5E763D6A16}.Debug|Any CPU.ActiveCfg = Debug|Any CPU
		{7B4D6591-1AF4-49BC-A177-1D5E763D6A16}.Debug|Any CPU.Build.0 = Debug|Any CPU
		{7B4D6591-1AF4-49BC-A177-1D5E763D6A16}.Release|Any CPU.ActiveCfg = Release|Any CPU
		{7B4D6591-1AF4-49BC-A177-1D5E763D6A16}.Release|Any CPU.Build.0 = Release|Any CPU
		{513ECA43-38DA-45A1-AAD2-5EAF3788A2ED}.Debug|Any CPU.ActiveCfg = Debug|Any CPU
		{513ECA43-38DA-45A1-AAD2-5EAF3788A2ED}.Debug|Any CPU.Build.0 = Debug|Any CPU
		{513ECA43-38DA-45A1-AAD2-5EAF3788A2ED}.Release|Any CPU.ActiveCfg = Release|Any CPU
		{513ECA43-38DA-45A1-AAD2-5EAF3788A2ED}.Release|Any CPU.Build.0 = Release|Any CPU
	EndGlobalSection
	GlobalSection(NestedProjects) = preSolution
		{0C9511A5-96D4-4FDD-892A-957E786C6592} = {043A808E-BF4D-44CD-99F7-9FC54BC07671}
		{7B4D6591-1AF4-49BC-A177-1D5E763D6A16} = {0E7A135E-A08D-4201-A6A2-1F8AA255FC45}
		{513ECA43-38DA-45A1-AAD2-5EAF3788A2ED} = {44D244F7-1185-4A9C-9246-641153F9CFEA}
	EndGlobalSection
EndGlobal
